
Microsoft Visual Studio Solution File, Format Version 12.00
# Visual Studio 2012
Project("{FAE04EC0-301F-11D3-BF4B-00C04F79EFBC}") = "ExportatDI", "ExportatDI\ExportatDI.csproj", "{DA8B604B-38B1-4F89-B9EF-A7E8C57DE41C}"
EndProject
Global
	GlobalSection(SolutionConfigurationPlatforms) = preSolution
		Debug|Any CPU = Debug|Any CPU
		Release|Any CPU = Release|Any CPU
	EndGlobalSection
	GlobalSection(ProjectConfigurationPlatforms) = postSolution
		{DA8B604B-38B1-4F89-B9EF-A7E8C57DE41C}.Debug|Any CPU.ActiveCfg = Debug|Any CPU
		{DA8B604B-38B1-4F89-B9EF-A7E8C57DE41C}.Debug|Any CPU.Build.0 = Debug|Any CPU
		{DA8B604B-38B1-4F89-B9EF-A7E8C57DE41C}.Release|Any CPU.ActiveCfg = Release|Any CPU
		{DA8B604B-38B1-4F89-B9EF-A7E8C57DE41C}.Release|Any CPU.Build.0 = Release|Any CPU
	EndGlobalSection
	GlobalSection(SolutionProperties) = preSolution
		HideSolutionNode = FALSE
	EndGlobalSection
EndGlobal
